
Microsoft Visual Studio Solution File, Format Version 12.00
# Visual Studio Version 17
VisualStudioVersion = 17.5.33530.505
MinimumVisualStudioVersion = 10.0.40219.1
Project("{FAE04EC0-301F-11D3-BF4B-00C04F79EFBC}") = "WpfApp13", "WpfApp13\WpfApp13.csproj", "{A3D1B3AD-BEAF-43B1-907D-6BF9C285D3ED}"
EndProject
Global
	GlobalSection(SolutionConfigurationPlatforms) = preSolution
		Debug|Any CPU = Debug|Any CPU
		Release|Any CPU = Release|Any CPU
	EndGlobalSection
	GlobalSection(ProjectConfigurationPlatforms) = postSolution
		{A3D1B3AD-BEAF-43B1-907D-6BF9C285D3ED}.Debug|Any CPU.ActiveCfg = Debug|Any CPU
		{A3D1B3AD-BEAF-43B1-907D-6BF9C285D3ED}.Debug|Any CPU.Build.0 = Debug|Any CPU
		{A3D1B3AD-BEAF-43B1-907D-6BF9C285D3ED}.Release|Any CPU.ActiveCfg = Release|Any CPU
		{A3D1B3AD-BEAF-43B1-907D-6BF9C285D3ED}.Release|Any CPU.Build.0 = Release|Any CPU
	EndGlobalSection
	GlobalSection(SolutionProperties) = preSolution
		HideSolutionNode = FALSE
	EndGlobalSection
	GlobalSection(ExtensibilityGlobals) = postSolution
		SolutionGuid = {05687838-19BB-48CD-A123-658EFF547CC1}
	EndGlobalSection
EndGlobal
